
Microsoft Visual Studio Solution File, Format Version 12.00
# Visual Studio Version 17
VisualStudioVersion = 17.14.36603.0 d17.14
MinimumVisualStudioVersion = 10.0.40219.1
Project("{FAE04EC0-301F-11D3-BF4B-00C04F79EFBC}") = "EventPlanner", "EventPlanner\EventPlanner.csproj", "{492A53E4-D1D4-4DA6-B8C8-F24B6EB082FC}"
EndProject
Global
	GlobalSection(SolutionConfigurationPlatforms) = preSolution
		Debug|Any CPU = Debug|Any CPU
		Release|Any CPU = Release|Any CPU
	EndGlobalSection
	GlobalSection(ProjectConfigurationPlatforms) = postSolution
		{492A53E4-D1D4-4DA6-B8C8-F24B6EB082FC}.Debug|Any CPU.ActiveCfg = Debug|Any CPU
		{492A53E4-D1D4-4DA6-B8C8-F24B6EB082FC}.Debug|Any CPU.Build.0 = Debug|Any CPU
		{492A53E4-D1D4-4DA6-B8C8-F24B6EB082FC}.Release|Any CPU.ActiveCfg = Release|Any CPU
		{492A53E4-D1D4-4DA6-B8C8-F24B6EB082FC}.Release|Any CPU.Build.0 = Release|Any CPU
	EndGlobalSection
	GlobalSection(SolutionProperties) = preSolution
		HideSolutionNode = FALSE
	EndGlobalSection
	GlobalSection(ExtensibilityGlobals) = postSolution
		SolutionGuid = {8009A723-EE0C-4C79-8042-F82768B48352}
	EndGlobalSection
EndGlobal
